
Microsoft Visual Studio Solution File, Format Version 12.00
# Visual Studio Version 17
VisualStudioVersion = 17.14.36623.8 d17.14
MinimumVisualStudioVersion = 10.0.40219.1
Project("{FAE04EC0-301F-11D3-BF4B-00C04F79EFBC}") = "StudentCode", "StudentCode.csproj", "{D53152B0-C6C5-4A3A-9D27-6AB62EFEFACF}"
EndProject
Global
	GlobalSection(SolutionConfigurationPlatforms) = preSolution
		Debug|Any CPU = Debug|Any CPU
		Release|Any CPU = Release|Any CPU
	EndGlobalSection
	GlobalSection(ProjectConfigurationPlatforms) = postSolution
		{D53152B0-C6C5-4A3A-9D27-6AB62EFEFACF}.Debug|Any CPU.ActiveCfg = Debug|Any CPU
		{D53152B0-C6C5-4A3A-9D27-6AB62EFEFACF}.Debug|Any CPU.Build.0 = Debug|Any CPU
		{D53152B0-C6C5-4A3A-9D27-6AB62EFEFACF}.Release|Any CPU.ActiveCfg = Release|Any CPU
		{D53152B0-C6C5-4A3A-9D27-6AB62EFEFACF}.Release|Any CPU.Build.0 = Release|Any CPU
	EndGlobalSection
	GlobalSection(SolutionProperties) = preSolution
		HideSolutionNode = FALSE
	EndGlobalSection
	GlobalSection(ExtensibilityGlobals) = postSolution
		SolutionGuid = {DB3D961C-DA19-451F-98B4-520558B9FA58}
	EndGlobalSection
EndGlobal
